
Microsoft Visual Studio Solution File, Format Version 12.00
# Visual Studio 15
VisualStudioVersion = 15.0.26124.0
MinimumVisualStudioVersion = 15.0.26124.0
Project("{FAE04EC0-301F-11D3-BF4B-00C04F79EFBC}") = "Api", "Api\Api.csproj", "{3E5EE2F6-671D-406C-A77D-700708623E70}"
EndProject
Project("{FAE04EC0-301F-11D3-BF4B-00C04F79EFBC}") = "Servico", "Servico\Servico.csproj", "{7B5ACF6D-8EC6-4B0F-B42A-A4D33117F6E8}"
EndProject
Project("{FAE04EC0-301F-11D3-BF4B-00C04F79EFBC}") = "Repositorio", "Repositorio\Repositorio.csproj", "{772FC693-6183-43E2-B351-D9489EBFE6CD}"
EndProject
Project("{FAE04EC0-301F-11D3-BF4B-00C04F79EFBC}") = "Dominio", "Dominio\Dominio.csproj", "{061063D5-339B-4D16-91F1-03044C194FA7}"
EndProject
Project("{FAE04EC0-301F-11D3-BF4B-00C04F79EFBC}") = "IoC", "IoC\IoC.csproj", "{3B252128-012B-440F-B750-F61800A5F28C}"
EndProject
Global
	GlobalSection(SolutionConfigurationPlatforms) = preSolution
		Debug|Any CPU = Debug|Any CPU
		Debug|x64 = Debug|x64
		Debug|x86 = Debug|x86
		Release|Any CPU = Release|Any CPU
		Release|x64 = Release|x64
		Release|x86 = Release|x86
	EndGlobalSection
	GlobalSection(SolutionProperties) = preSolution
		HideSolutionNode = FALSE
	EndGlobalSection
	GlobalSection(ProjectConfigurationPlatforms) = postSolution
		{3E5EE2F6-671D-406C-A77D-700708623E70}.Debug|Any CPU.ActiveCfg = Debug|Any CPU
		{3E5EE2F6-671D-406C-A77D-700708623E70}.Debug|Any CPU.Build.0 = Debug|Any CPU
		{3E5EE2F6-671D-406C-A77D-700708623E70}.Debug|x64.ActiveCfg = Debug|Any CPU
		{3E5EE2F6-671D-406C-A77D-700708623E70}.Debug|x64.Build.0 = Debug|Any CPU
		{3E5EE2F6-671D-406C-A77D-700708623E70}.Debug|x86.ActiveCfg = Debug|Any CPU
		{3E5EE2F6-671D-406C-A77D-700708623E70}.Debug|x86.Build.0 = Debug|Any CPU
		{3E5EE2F6-671D-406C-A77D-700708623E70}.Release|Any CPU.ActiveCfg = Release|Any CPU
		{3E5EE2F6-671D-406C-A77D-700708623E70}.Release|Any CPU.Build.0 = Release|Any CPU
		{3E5EE2F6-671D-406C-A77D-700708623E70}.Release|x64.ActiveCfg = Release|Any CPU
		{3E5EE2F6-671D-406C-A77D-700708623E70}.Release|x64.Build.0 = Release|Any CPU
		{3E5EE2F6-671D-406C-A77D-700708623E70}.Release|x86.ActiveCfg = Release|Any CPU
		{3E5EE2F6-671D-406C-A77D-700708623E70}.Release|x86.Build.0 = Release|Any CPU
		{7B5ACF6D-8EC6-4B0F-B42A-A4D33117F6E8}.Debug|Any CPU.ActiveCfg = Debug|Any CPU
		{7B5ACF6D-8EC6-4B0F-B42A-A4D33117F6E8}.Debug|Any CPU.Build.0 = Debug|Any CPU
		{7B5ACF6D-8EC6-4B0F-B42A-A4D33117F6E8}.Debug|x64.ActiveCfg = Debug|Any CPU
		{7B5ACF6D-8EC6-4B0F-B42A-A4D33117F6E8}.Debug|x64.Build.0 = Debug|Any CPU
		{7B5ACF6D-8EC6-4B0F-B42A-A4D33117F6E8}.Debug|x86.ActiveCfg = Debug|Any CPU
		{7B5ACF6D-8EC6-4B0F-B42A-A4D33117F6E8}.Debug|x86.Build.0 = Debug|Any CPU
		{7B5ACF6D-8EC6-4B0F-B42A-A4D33117F6E8}.Release|Any CPU.ActiveCfg = Release|Any CPU
		{7B5ACF6D-8EC6-4B0F-B42A-A4D33117F6E8}.Release|Any CPU.Build.0 = Release|Any CPU
		{7B5ACF6D-8EC6-4B0F-B42A-A4D33117F6E8}.Release|x64.ActiveCfg = Release|Any CPU
		{7B5ACF6D-8EC6-4B0F-B42A-A4D33117F6E8}.Release|x64.Build.0 = Release|Any CPU
		{7B5ACF6D-8EC6-4B0F-B42A-A4D33117F6E8}.Release|x86.ActiveCfg = Release|Any CPU
		{7B5ACF6D-8EC6-4B0F-B42A-A4D33117F6E8}.Release|x86.Build.0 = Release|Any CPU
		{772FC693-6183-43E2-B351-D9489EBFE6CD}.Debug|Any CPU.ActiveCfg = Debug|Any CPU
		{772FC693-6183-43E2-B351-D9489EBFE6CD}.Debug|Any CPU.Build.0 = Debug|Any CPU
		{772FC693-6183-43E2-B351-D9489EBFE6CD}.Debug|x64.ActiveCfg = Debug|Any CPU
		{772FC693-6183-43E2-B351-D9489EBFE6CD}.Debug|x64.Build.0 = Debug|Any CPU
		{772FC693-6183-43E2-B351-D9489EBFE6CD}.Debug|x86.ActiveCfg = Debug|Any CPU
		{772FC693-6183-43E2-B351-D9489EBFE6CD}.Debug|x86.Build.0 = Debug|Any CPU
		{772FC693-6183-43E2-B351-D9489EBFE6CD}.Release|Any CPU.ActiveCfg = Release|Any CPU
		{772FC693-6183-43E2-B351-D9489EBFE6CD}.Release|Any CPU.Build.0 = Release|Any CPU
		{772FC693-6183-43E2-B351-D9489EBFE6CD}.Release|x64.ActiveCfg = Release|Any CPU
		{772FC693-6183-43E2-B351-D9489EBFE6CD}.Release|x64.Build.0 = Release|Any CPU
		{772FC693-6183-43E2-B351-D9489EBFE6CD}.Release|x86.ActiveCfg = Release|Any CPU
		{772FC693-6183-43E2-B351-D9489EBFE6CD}.Release|x86.Build.0 = Release|Any CPU
		{061063D5-339B-4D16-91F1-03044C194FA7}.Debug|Any CPU.ActiveCfg = Debug|Any CPU
		{061063D5-339B-4D16-91F1-03044C194FA7}.Debug|Any CPU.Build.0 = Debug|Any CPU
		{061063D5-339B-4D16-91F1-03044C194FA7}.Debug|x64.ActiveCfg = Debug|Any CPU
		{061063D5-339B-4D16-91F1-03044C194FA7}.Debug|x64.Build.0 = Debug|Any CPU
		{061063D5-339B-4D16-91F1-03044C194FA7}.Debug|x86.ActiveCfg = Debug|Any CPU
		{061063D5-339B-4D16-91F1-03044C194FA7}.Debug|x86.Build.0 = Debug|Any CPU
		{061063D5-339B-4D16-91F1-03044C194FA7}.Release|Any CPU.ActiveCfg = Release|Any CPU
		{061063D5-339B-4D16-91F1-03044C194FA7}.Release|Any CPU.Build.0 = Release|Any CPU
		{061063D5-339B-4D16-91F1-03044C194FA7}.Release|x64.ActiveCfg = Release|Any CPU
		{061063D5-339B-4D16-91F1-03044C194FA7}.Release|x64.Build.0 = Release|Any CPU
		{061063D5-339B-4D16-91F1-03044C194FA7}.Release|x86.ActiveCfg = Release|Any CPU
		{061063D5-339B-4D16-91F1-03044C194FA7}.Release|x86.Build.0 = Release|Any CPU
		{3B252128-012B-440F-B750-F61800A5F28C}.Debug|Any CPU.ActiveCfg = Debug|Any CPU
		{3B252128-012B-440F-B750-F61800A5F28C}.Debug|Any CPU.Build.0 = Debug|Any CPU
		{3B252128-012B-440F-B750-F61800A5F28C}.Debug|x64.ActiveCfg = Debug|Any CPU
		{3B252128-012B-440F-B750-F61800A5F28C}.Debug|x64.Build.0 = Debug|Any CPU
		{3B252128-012B-440F-B750-F61800A5F28C}.Debug|x86.ActiveCfg = Debug|Any CPU
		{3B252128-012B-440F-B750-F61800A5F28C}.Debug|x86.Build.0 = Debug|Any CPU
		{3B252128-012B-440F-B750-F61800A5F28C}.Release|Any CPU.ActiveCfg = Release|Any CPU
		{3B252128-012B-440F-B750-F61800A5F28C}.Release|Any CPU.Build.0 = Release|Any CPU
		{3B252128-012B-440F-B750-F61800A5F28C}.Release|x64.ActiveCfg = Release|Any CPU
		{3B252128-012B-440F-B750-F61800A5F28C}.Release|x64.Build.0 = Release|Any CPU
		{3B252128-012B-440F-B750-F61800A5F28C}.Release|x86.ActiveCfg = Release|Any CPU
		{3B252128-012B-440F-B750-F61800A5F28C}.Release|x86.Build.0 = Release|Any CPU
	EndGlobalSection
EndGlobal
